
Microsoft Visual Studio Solution File, Format Version 12.00
# Visual Studio 2013
VisualStudioVersion = 12.0.21005.1
MinimumVisualStudioVersion = 10.0.40219.1
Project("{FAE04EC0-301F-11D3-BF4B-00C04F79EFBC}") = "MvxSample.Core", "MvxSample.Core.csproj", "{4DFC8957-B92D-4369-944A-BA859670D100}"
EndProject
Project("{FAE04EC0-301F-11D3-BF4B-00C04F79EFBC}") = "MvxSample.Droid", "..\MvxSample.Droid\MvxSample.Droid.csproj", "{3B8B7490-EBBF-44F3-B40B-DB9845DF9CDE}"
EndProject
Global
	GlobalSection(SolutionConfigurationPlatforms) = preSolution
		Debug|Any CPU = Debug|Any CPU
		Release|Any CPU = Release|Any CPU
	EndGlobalSection
	GlobalSection(ProjectConfigurationPlatforms) = postSolution
		{4DFC8957-B92D-4369-944A-BA859670D100}.Debug|Any CPU.ActiveCfg = Debug|Any CPU
		{4DFC8957-B92D-4369-944A-BA859670D100}.Debug|Any CPU.Build.0 = Debug|Any CPU
		{4DFC8957-B92D-4369-944A-BA859670D100}.Release|Any CPU.ActiveCfg = Release|Any CPU
		{4DFC8957-B92D-4369-944A-BA859670D100}.Release|Any CPU.Build.0 = Release|Any CPU
		{3B8B7490-EBBF-44F3-B40B-DB9845DF9CDE}.Debug|Any CPU.ActiveCfg = Debug|Any CPU
		{3B8B7490-EBBF-44F3-B40B-DB9845DF9CDE}.Debug|Any CPU.Build.0 = Debug|Any CPU
		{3B8B7490-EBBF-44F3-B40B-DB9845DF9CDE}.Debug|Any CPU.Deploy.0 = Debug|Any CPU
		{3B8B7490-EBBF-44F3-B40B-DB9845DF9CDE}.Release|Any CPU.ActiveCfg = Release|Any CPU
		{3B8B7490-EBBF-44F3-B40B-DB9845DF9CDE}.Release|Any CPU.Build.0 = Release|Any CPU
		{3B8B7490-EBBF-44F3-B40B-DB9845DF9CDE}.Release|Any CPU.Deploy.0 = Release|Any CPU
	EndGlobalSection
	GlobalSection(SolutionProperties) = preSolution
		HideSolutionNode = FALSE
	EndGlobalSection
EndGlobal
